// !$*UTF8*$!
{
	archiveVersion = 1;
	classes = {
	};
	objectVersion = 56;
	objects = {

/* Begin PBXBuildFile section */
		952A4375292083D20007F6DA /* SwiftUI_LandmarksAppApp.swift in Sources */ = {isa = PBXBuildFile; fileRef = 952A4374292083D20007F6DA /* SwiftUI_LandmarksAppApp.swift */; };
		952A4377292083D20007F6DA /* ContentView.swift in Sources */ = {isa = PBXBuildFile; fileRef = 952A4376292083D20007F6DA /* ContentView.swift */; };
		952A4379292083D30007F6DA /* Assets.xcassets in Resources */ = {isa = PBXBuildFile; fileRef = 952A4378292083D30007F6DA /* Assets.xcassets */; };
		952A437C292083D30007F6DA /* Preview Assets.xcassets in Resources */ = {isa = PBXBuildFile; fileRef = 952A437B292083D30007F6DA /* Preview Assets.xcassets */; };
		952A4386292083D40007F6DA /* SwiftUI_LandmarksAppTests.swift in Sources */ = {isa = PBXBuildFile; fileRef = 952A4385292083D40007F6DA /* SwiftUI_LandmarksAppTests.swift */; };
		952A4390292083D40007F6DA /* SwiftUI_LandmarksAppUITests.swift in Sources */ = {isa = PBXBuildFile; fileRef = 952A438F292083D40007F6DA /* SwiftUI_LandmarksAppUITests.swift */; };
		952A4392292083D40007F6DA /* SwiftUI_LandmarksAppUITestsLaunchTests.swift in Sources */ = {isa = PBXBuildFile; fileRef = 952A4391292083D40007F6DA /* SwiftUI_LandmarksAppUITestsLaunchTests.swift */; };
		952A439F29208B8F0007F6DA /* CircleImage.swift in Sources */ = {isa = PBXBuildFile; fileRef = 952A439E29208B8F0007F6DA /* CircleImage.swift */; };
		952A43A129208D1D0007F6DA /* MapView.swift in Sources */ = {isa = PBXBuildFile; fileRef = 952A43A029208D1D0007F6DA /* MapView.swift */; };
		9551043D2921A47D00BBC3B3 /* landmarkData.json in Resources */ = {isa = PBXBuildFile; fileRef = 9551043C2921A47D00BBC3B3 /* landmarkData.json */; };
		955104402921A54C00BBC3B3 /* Landmark.swift in Sources */ = {isa = PBXBuildFile; fileRef = 9551043E2921A49D00BBC3B3 /* Landmark.swift */; };
		955104422921A6C700BBC3B3 /* ModelData.swift in Sources */ = {isa = PBXBuildFile; fileRef = 955104412921A6C700BBC3B3 /* ModelData.swift */; };
/* End PBXBuildFile section */

/* Begin PBXContainerItemProxy section */
		952A4382292083D40007F6DA /* PBXContainerItemProxy */ = {
			isa = PBXContainerItemProxy;
			containerPortal = 952A4369292083D20007F6DA /* Project object */;
			proxyType = 1;
			remoteGlobalIDString = 952A4370292083D20007F6DA;
			remoteInfo = "SwiftUI-LandmarksApp";
		};
		952A438C292083D40007F6DA /* PBXContainerItemProxy */ = {
			isa = PBXContainerItemProxy;
			containerPortal = 952A4369292083D20007F6DA /* Project object */;
			proxyType = 1;
			remoteGlobalIDString = 952A4370292083D20007F6DA;
			remoteInfo = "SwiftUI-LandmarksApp";
		};
/* End PBXContainerItemProxy section */

/* Begin PBXFileReference section */
		952A4371292083D20007F6DA /* SwiftUI-LandmarksApp.app */ = {isa = PBXFileReference; explicitFileType = wrapper.application; includeInIndex = 0; path = "SwiftUI-LandmarksApp.app"; sourceTree = BUILT_PRODUCTS_DIR; };
		952A4374292083D20007F6DA /* SwiftUI_LandmarksAppApp.swift */ = {isa = PBXFileReference; lastKnownFileType = sourcecode.swift; path = SwiftUI_LandmarksAppApp.swift; sourceTree = "<group>"; };
		952A4376292083D20007F6DA /* ContentView.swift */ = {isa = PBXFileReference; lastKnownFileType = sourcecode.swift; path = ContentView.swift; sourceTree = "<group>"; };
		952A4378292083D30007F6DA /* Assets.xcassets */ = {isa = PBXFileReference; lastKnownFileType = folder.assetcatalog; path = Assets.xcassets; sourceTree = "<group>"; };
		952A437B292083D30007F6DA /* Preview Assets.xcassets */ = {isa = PBXFileReference; lastKnownFileType = folder.assetcatalog; path = "Preview Assets.xcassets"; sourceTree = "<group>"; };
		952A4381292083D40007F6DA /* SwiftUI-LandmarksAppTests.xctest */ = {isa = PBXFileReference; explicitFileType = wrapper.cfbundle; includeInIndex = 0; path = "SwiftUI-LandmarksAppTests.xctest"; sourceTree = BUILT_PRODUCTS_DIR; };
		952A4385292083D40007F6DA /* SwiftUI_LandmarksAppTests.swift */ = {isa = PBXFileReference; lastKnownFileType = sourcecode.swift; path = SwiftUI_LandmarksAppTests.swift; sourceTree = "<group>"; };
		952A438B292083D40007F6DA /* SwiftUI-LandmarksAppUITests.xctest */ = {isa = PBXFileReference; explicitFileType = wrapper.cfbundle; includeInIndex = 0; path = "SwiftUI-LandmarksAppUITests.xctest"; sourceTree = BUILT_PRODUCTS_DIR; };
		952A438F292083D40007F6DA /* SwiftUI_LandmarksAppUITests.swift */ = {isa = PBXFileReference; lastKnownFileType = sourcecode.swift; path = SwiftUI_LandmarksAppUITests.swift; sourceTree = "<group>"; };
		952A4391292083D40007F6DA /* SwiftUI_LandmarksAppUITestsLaunchTests.swift */ = {isa = PBXFileReference; lastKnownFileType = sourcecode.swift; path = SwiftUI_LandmarksAppUITestsLaunchTests.swift; sourceTree = "<group>"; };
		952A439E29208B8F0007F6DA /* CircleImage.swift */ = {isa = PBXFileReference; lastKnownFileType = sourcecode.swift; path = CircleImage.swift; sourceTree = "<group>"; };
		952A43A029208D1D0007F6DA /* MapView.swift */ = {isa = PBXFileReference; lastKnownFileType = sourcecode.swift; path = MapView.swift; sourceTree = "<group>"; };
		9551043C2921A47D00BBC3B3 /* landmarkData.json */ = {isa = PBXFileReference; fileEncoding = 4; lastKnownFileType = text.json; path = landmarkData.json; sourceTree = "<group>"; };
		9551043E2921A49D00BBC3B3 /* Landmark.swift */ = {isa = PBXFileReference; lastKnownFileType = sourcecode.swift; path = Landmark.swift; sourceTree = "<group>"; };
		955104412921A6C700BBC3B3 /* ModelData.swift */ = {isa = PBXFileReference; lastKnownFileType = sourcecode.swift; path = ModelData.swift; sourceTree = "<group>"; };
/* End PBXFileReference section */

/* Begin PBXFrameworksBuildPhase section */
		952A436E292083D20007F6DA /* Frameworks */ = {
			isa = PBXFrameworksBuildPhase;
			buildActionMask = 2147483647;
			files = (
			);
			runOnlyForDeploymentPostprocessing = 0;
		};
		952A437E292083D40007F6DA /* Frameworks */ = {
			isa = PBXFrameworksBuildPhase;
			buildActionMask = 2147483647;
			files = (
			);
			runOnlyForDeploymentPostprocessing = 0;
		};
		952A4388292083D40007F6DA /* Frameworks */ = {
			isa = PBXFrameworksBuildPhase;
			buildActionMask = 2147483647;
			files = (
			);
			runOnlyForDeploymentPostprocessing = 0;
		};
/* End PBXFrameworksBuildPhase section */

/* Begin PBXGroup section */
		952A4368292083D20007F6DA = {
			isa = PBXGroup;
			children = (
				952A4373292083D20007F6DA /* SwiftUI-LandmarksApp */,
				952A4384292083D40007F6DA /* SwiftUI-LandmarksAppTests */,
				952A438E292083D40007F6DA /* SwiftUI-LandmarksAppUITests */,
				952A4372292083D20007F6DA /* Products */,
			);
			sourceTree = "<group>";
		};
		952A4372292083D20007F6DA /* Products */ = {
			isa = PBXGroup;
			children = (
				952A4371292083D20007F6DA /* SwiftUI-LandmarksApp.app */,
				952A4381292083D40007F6DA /* SwiftUI-LandmarksAppTests.xctest */,
				952A438B292083D40007F6DA /* SwiftUI-LandmarksAppUITests.xctest */,
			);
			name = Products;
			sourceTree = "<group>";
		};
		952A4373292083D20007F6DA /* SwiftUI-LandmarksApp */ = {
			isa = PBXGroup;
			children = (
				9551043E2921A49D00BBC3B3 /* Landmark.swift */,
				952A4374292083D20007F6DA /* SwiftUI_LandmarksAppApp.swift */,
				952A4376292083D20007F6DA /* ContentView.swift */,
				952A4378292083D30007F6DA /* Assets.xcassets */,
				952A439E29208B8F0007F6DA /* CircleImage.swift */,
				952A43A029208D1D0007F6DA /* MapView.swift */,
				952A437A292083D30007F6DA /* Preview Content */,
				955104412921A6C700BBC3B3 /* ModelData.swift */,
			);
			path = "SwiftUI-LandmarksApp";
			sourceTree = "<group>";
		};
		952A437A292083D30007F6DA /* Preview Content */ = {
			isa = PBXGroup;
			children = (
				952A437B292083D30007F6DA /* Preview Assets.xcassets */,
			);
			path = "Preview Content";
			sourceTree = "<group>";
		};
		952A4384292083D40007F6DA /* SwiftUI-LandmarksAppTests */ = {
			isa = PBXGroup;
			children = (
				952A4385292083D40007F6DA /* SwiftUI_LandmarksAppTests.swift */,
			);
			path = "SwiftUI-LandmarksAppTests";
			sourceTree = "<group>";
		};
		952A438E292083D40007F6DA /* SwiftUI-LandmarksAppUITests */ = {
			isa = PBXGroup;
			children = (
				952A438F292083D40007F6DA /* SwiftUI_LandmarksAppUITests.swift */,
				952A4391292083D40007F6DA /* SwiftUI_LandmarksAppUITestsLaunchTests.swift */,
				9551043C2921A47D00BBC3B3 /* landmarkData.json */,
			);
			path = "SwiftUI-LandmarksAppUITests";
			sourceTree = "<group>";
		};
/* End PBXGroup section */

/* Begin PBXNativeTarget section */
		952A4370292083D20007F6DA /* SwiftUI-LandmarksApp */ = {
			isa = PBXNativeTarget;
			buildConfigurationList = 952A4395292083D40007F6DA /* Build configuration list for PBXNativeTarget "SwiftUI-LandmarksApp" */;
			buildPhases = (
				952A436D292083D20007F6DA /* Sources */,
				952A436E292083D20007F6DA /* Frameworks */,
				952A436F292083D20007F6DA /* Resources */,
			);
			buildRules = (
			);
			dependencies = (
			);
			name = "SwiftUI-LandmarksApp";
			productName = "SwiftUI-LandmarksApp";
			productReference = 952A4371292083D20007F6DA /* SwiftUI-LandmarksApp.app */;
			productType = "com.apple.product-type.application";
		};
		952A4380292083D40007F6DA /* SwiftUI-LandmarksAppTests */ = {
			isa = PBXNativeTarget;
			buildConfigurationList = 952A4398292083D40007F6DA /* Build configuration list for PBXNativeTarget "SwiftUI-LandmarksAppTests" */;
			buildPhases = (
				952A437D292083D40007F6DA /* Sources */,
				952A437E292083D40007F6DA /* Frameworks */,
				952A437F292083D40007F6DA /* Resources */,
			);
			buildRules = (
			);
			dependencies = (
				952A4383292083D40007F6DA /* PBXTargetDependency */,
			);
			name = "SwiftUI-LandmarksAppTests";
			productName = "SwiftUI-LandmarksAppTests";
			productReference = 952A4381292083D40007F6DA /* SwiftUI-LandmarksAppTests.xctest */;
			productType = "com.apple.product-type.bundle.unit-test";
		};
		952A438A292083D40007F6DA /* SwiftUI-LandmarksAppUITests */ = {
			isa = PBXNativeTarget;
			buildConfigurationList = 952A439B292083D40007F6DA /* Build configuration list for PBXNativeTarget "SwiftUI-LandmarksAppUITests" */;
			buildPhases = (
				952A4387292083D40007F6DA /* Sources */,
				952A4388292083D40007F6DA /* Frameworks */,
				952A4389292083D40007F6DA /* Resources */,
			);
			buildRules = (
			);
			dependencies = (
				952A438D292083D40007F6DA /* PBXTargetDependency */,
			);
			name = "SwiftUI-LandmarksAppUITests";
			productName = "SwiftUI-LandmarksAppUITests";
			productReference = 952A438B292083D40007F6DA /* SwiftUI-LandmarksAppUITests.xctest */;
			productType = "com.apple.product-type.bundle.ui-testing";
		};
/* End PBXNativeTarget section */

/* Begin PBXProject section */
		952A4369292083D20007F6DA /* Project object */ = {
			isa = PBXProject;
			attributes = {
				BuildIndependentTargetsInParallel = 1;
				LastSwiftUpdateCheck = 1410;
				LastUpgradeCheck = 1410;
				TargetAttributes = {
					952A4370292083D20007F6DA = {
						CreatedOnToolsVersion = 14.1;
					};
					952A4380292083D40007F6DA = {
						CreatedOnToolsVersion = 14.1;
						TestTargetID = 952A4370292083D20007F6DA;
					};
					952A438A292083D40007F6DA = {
						CreatedOnToolsVersion = 14.1;
						TestTargetID = 952A4370292083D20007F6DA;
					};
				};
			};
			buildConfigurationList = 952A436C292083D20007F6DA /* Build configuration list for PBXProject "SwiftUI-LandmarksApp" */;
			compatibilityVersion = "Xcode 14.0";
			developmentRegion = en;
			hasScannedForEncodings = 0;
			knownRegions = (
				en,
				Base,
			);
			mainGroup = 952A4368292083D20007F6DA;
			productRefGroup = 952A4372292083D20007F6DA /* Products */;
			projectDirPath = "";
			projectRoot = "";
			targets = (
				952A4370292083D20007F6DA /* SwiftUI-LandmarksApp */,
				952A4380292083D40007F6DA /* SwiftUI-LandmarksAppTests */,
				952A438A292083D40007F6DA /* SwiftUI-LandmarksAppUITests */,
			);
		};
/* End PBXProject section */

/* Begin PBXResourcesBuildPhase section */
		952A436F292083D20007F6DA /* Resources */ = {
			isa = PBXResourcesBuildPhase;
			buildActionMask = 2147483647;
			files = (
				952A437C292083D30007F6DA /* Preview Assets.xcassets in Resources */,
				952A4379292083D30007F6DA /* Assets.xcassets in Resources */,
			);
			runOnlyForDeploymentPostprocessing = 0;
		};
		952A437F292083D40007F6DA /* Resources */ = {
			isa = PBXResourcesBuildPhase;
			buildActionMask = 2147483647;
			files = (
			);
			runOnlyForDeploymentPostprocessing = 0;
		};
		952A4389292083D40007F6DA /* Resources */ = {
			isa = PBXResourcesBuildPhase;
			buildActionMask = 2147483647;
			files = (
				9551043D2921A47D00BBC3B3 /* landmarkData.json in Resources */,
			);
			runOnlyForDeploymentPostprocessing = 0;
		};
/* End PBXResourcesBuildPhase section */

/* Begin PBXSourcesBuildPhase section */
		952A436D292083D20007F6DA /* Sources */ = {
			isa = PBXSourcesBuildPhase;
			buildActionMask = 2147483647;
			files = (
				952A4377292083D20007F6DA /* ContentView.swift in Sources */,
				952A43A129208D1D0007F6DA /* MapView.swift in Sources */,
				952A4375292083D20007F6DA /* SwiftUI_LandmarksAppApp.swift in Sources */,
				952A439F29208B8F0007F6DA /* CircleImage.swift in Sources */,
				955104402921A54C00BBC3B3 /* Landmark.swift in Sources */,
				955104422921A6C700BBC3B3 /* ModelData.swift in Sources */,
			);
			runOnlyForDeploymentPostprocessing = 0;
		};
		952A437D292083D40007F6DA /* Sources */ = {
			isa = PBXSourcesBuildPhase;
			buildActionMask = 2147483647;
			files = (
				952A4386292083D40007F6DA /* SwiftUI_LandmarksAppTests.swift in Sources */,
			);
			runOnlyForDeploymentPostprocessing = 0;
		};
		952A4387292083D40007F6DA /* Sources */ = {
			isa = PBXSourcesBuildPhase;
			buildActionMask = 2147483647;
			files = (
				952A4392292083D40007F6DA /* SwiftUI_LandmarksAppUITestsLaunchTests.swift in Sources */,
				952A4390292083D40007F6DA /* SwiftUI_LandmarksAppUITests.swift in Sources */,
			);
			runOnlyForDeploymentPostprocessing = 0;
		};
/* End PBXSourcesBuildPhase section */

/* Begin PBXTargetDependency section */
		952A4383292083D40007F6DA /* PBXTargetDependency */ = {
			isa = PBXTargetDependency;
			target = 952A4370292083D20007F6DA /* SwiftUI-LandmarksApp */;
			targetProxy = 952A4382292083D40007F6DA /* PBXContainerItemProxy */;
		};
		952A438D292083D40007F6DA /* PBXTargetDependency */ = {
			isa = PBXTargetDependency;
			target = 952A4370292083D20007F6DA /* SwiftUI-LandmarksApp */;
			targetProxy = 952A438C292083D40007F6DA /* PBXContainerItemProxy */;
		};
/* End PBXTargetDependency section */

/* Begin XCBuildConfiguration section */
		952A4393292083D40007F6DA /* Debug */ = {
			isa = XCBuildConfiguration;
			buildSettings = {
				ALWAYS_SEARCH_USER_PATHS = NO;
				CLANG_ANALYZER_NONNULL = YES;
				CLANG_ANALYZER_NUMBER_OBJECT_CONVERSION = YES_AGGRESSIVE;
				CLANG_CXX_LANGUAGE_STANDARD = "gnu++20";
				CLANG_ENABLE_MODULES = YES;
				CLANG_ENABLE_OBJC_ARC = YES;
				CLANG_ENABLE_OBJC_WEAK = YES;
				CLANG_WARN_BLOCK_CAPTURE_AUTORELEASING = YES;
				CLANG_WARN_BOOL_CONVERSION = YES;
				CLANG_WARN_COMMA = YES;
				CLANG_WARN_CONSTANT_CONVERSION = YES;
				CLANG_WARN_DEPRECATED_OBJC_IMPLEMENTATIONS = YES;
				CLANG_WARN_DIRECT_OBJC_ISA_USAGE = YES_ERROR;
				CLANG_WARN_DOCUMENTATION_COMMENTS = YES;
				CLANG_WARN_EMPTY_BODY = YES;
				CLANG_WARN_ENUM_CONVERSION = YES;
				CLANG_WARN_INFINITE_RECURSION = YES;
				CLANG_WARN_INT_CONVERSION = YES;
				CLANG_WARN_NON_LITERAL_NULL_CONVERSION = YES;
				CLANG_WARN_OBJC_IMPLICIT_RETAIN_SELF = YES;
				CLANG_WARN_OBJC_LITERAL_CONVERSION = YES;
				CLANG_WARN_OBJC_ROOT_CLASS = YES_ERROR;
				CLANG_WARN_QUOTED_INCLUDE_IN_FRAMEWORK_HEADER = YES;
				CLANG_WARN_RANGE_LOOP_ANALYSIS = YES;
				CLANG_WARN_STRICT_PROTOTYPES = YES;
				CLANG_WARN_SUSPICIOUS_MOVE = YES;
				CLANG_WARN_UNGUARDED_AVAILABILITY = YES_AGGRESSIVE;
				CLANG_WARN_UNREACHABLE_CODE = YES;
				CLANG_WARN__DUPLICATE_METHOD_MATCH = YES;
				COPY_PHASE_STRIP = NO;
				DEBUG_INFORMATION_FORMAT = dwarf;
				ENABLE_STRICT_OBJC_MSGSEND = YES;
				ENABLE_TESTABILITY = YES;
				GCC_C_LANGUAGE_STANDARD = gnu11;
				GCC_DYNAMIC_NO_PIC = NO;
				GCC_NO_COMMON_BLOCKS = YES;
				GCC_OPTIMIZATION_LEVEL = 0;
				GCC_PREPROCESSOR_DEFINITIONS = (
					"DEBUG=1",
					"$(inherited)",
				);
				GCC_WARN_64_TO_32_BIT_CONVERSION = YES;
				GCC_WARN_ABOUT_RETURN_TYPE = YES_ERROR;
				GCC_WARN_UNDECLARED_SELECTOR = YES;
				GCC_WARN_UNINITIALIZED_AUTOS = YES_AGGRESSIVE;
				GCC_WARN_UNUSED_FUNCTION = YES;
				GCC_WARN_UNUSED_VARIABLE = YES;
				IPHONEOS_DEPLOYMENT_TARGET = 16.1;
				MTL_ENABLE_DEBUG_INFO = INCLUDE_SOURCE;
				MTL_FAST_MATH = YES;
				ONLY_ACTIVE_ARCH = YES;
				SDKROOT = iphoneos;
				SWIFT_ACTIVE_COMPILATION_CONDITIONS = DEBUG;
				SWIFT_OPTIMIZATION_LEVEL = "-Onone";
			};
			name = Debug;
		};
		952A4394292083D40007F6DA /* Release */ = {
			isa = XCBuildConfiguration;
			buildSettings = {
				ALWAYS_SEARCH_USER_PATHS = NO;
				CLANG_ANALYZER_NONNULL = YES;
				CLANG_ANALYZER_NUMBER_OBJECT_CONVERSION = YES_AGGRESSIVE;
				CLANG_CXX_LANGUAGE_STANDARD = "gnu++20";
				CLANG_ENABLE_MODULES = YES;
				CLANG_ENABLE_OBJC_ARC = YES;
				CLANG_ENABLE_OBJC_WEAK = YES;
				CLANG_WARN_BLOCK_CAPTURE_AUTORELEASING = YES;
				CLANG_WARN_BOOL_CONVERSION = YES;
				CLANG_WARN_COMMA = YES;
				CLANG_WARN_CONSTANT_CONVERSION = YES;
				CLANG_WARN_DEPRECATED_OBJC_IMPLEMENTATIONS = YES;
				CLANG_WARN_DIRECT_OBJC_ISA_USAGE = YES_ERROR;
				CLANG_WARN_DOCUMENTATION_COMMENTS = YES;
				CLANG_WARN_EMPTY_BODY = YES;
				CLANG_WARN_ENUM_CONVERSION = YES;
				CLANG_WARN_INFINITE_RECURSION = YES;
				CLANG_WARN_INT_CONVERSION = YES;
				CLANG_WARN_NON_LITERAL_NULL_CONVERSION = YES;
				CLANG_WARN_OBJC_IMPLICIT_RETAIN_SELF = YES;
				CLANG_WARN_OBJC_LITERAL_CONVERSION = YES;
				CLANG_WARN_OBJC_ROOT_CLASS = YES_ERROR;
				CLANG_WARN_QUOTED_INCLUDE_IN_FRAMEWORK_HEADER = YES;
				CLANG_WARN_RANGE_LOOP_ANALYSIS = YES;
				CLANG_WARN_STRICT_PROTOTYPES = YES;
				CLANG_WARN_SUSPICIOUS_MOVE = YES;
				CLANG_WARN_UNGUARDED_AVAILABILITY = YES_AGGRESSIVE;
				CLANG_WARN_UNREACHABLE_CODE = YES;
				CLANG_WARN__DUPLICATE_METHOD_MATCH = YES;
				COPY_PHASE_STRIP = NO;
				DEBUG_INFORMATION_FORMAT = "dwarf-with-dsym";
				ENABLE_NS_ASSERTIONS = NO;
				ENABLE_STRICT_OBJC_MSGSEND = YES;
				GCC_C_LANGUAGE_STANDARD = gnu11;
				GCC_NO_COMMON_BLOCKS = YES;
				GCC_WARN_64_TO_32_BIT_CONVERSION = YES;
				GCC_WARN_ABOUT_RETURN_TYPE = YES_ERROR;
				GCC_WARN_UNDECLARED_SELECTOR = YES;
				GCC_WARN_UNINITIALIZED_AUTOS = YES_AGGRESSIVE;
				GCC_WARN_UNUSED_FUNCTION = YES;
				GCC_WARN_UNUSED_VARIABLE = YES;
				IPHONEOS_DEPLOYMENT_TARGET = 16.1;
				MTL_ENABLE_DEBUG_INFO = NO;
				MTL_FAST_MATH = YES;
				SDKROOT = iphoneos;
				SWIFT_COMPILATION_MODE = wholemodule;
				SWIFT_OPTIMIZATION_LEVEL = "-O";
				VALIDATE_PRODUCT = YES;
			};
			name = Release;
		};
		952A4396292083D40007F6DA /* Debug */ = {
			isa = XCBuildConfiguration;
			buildSettings = {
				ASSETCATALOG_COMPILER_APPICON_NAME = AppIcon;
				ASSETCATALOG_COMPILER_GLOBAL_ACCENT_COLOR_NAME = AccentColor;
				CODE_SIGN_STYLE = Automatic;
				CURRENT_PROJECT_VERSION = 1;
				DEVELOPMENT_ASSET_PATHS = "\"SwiftUI-LandmarksApp/Preview Content\"";
				DEVELOPMENT_TEAM = 7X9S244452;
				ENABLE_PREVIEWS = YES;
				GENERATE_INFOPLIST_FILE = YES;
				INFOPLIST_KEY_UIApplicationSceneManifest_Generation = YES;
				INFOPLIST_KEY_UIApplicationSupportsIndirectInputEvents = YES;
				INFOPLIST_KEY_UILaunchScreen_Generation = YES;
				INFOPLIST_KEY_UISupportedInterfaceOrientations_iPad = "UIInterfaceOrientationPortrait UIInterfaceOrientationPortraitUpsideDown UIInterfaceOrientationLandscapeLeft UIInterfaceOrientationLandscapeRight";
				INFOPLIST_KEY_UISupportedInterfaceOrientations_iPhone = "UIInterfaceOrientationPortrait UIInterfaceOrientationLandscapeLeft UIInterfaceOrientationLandscapeRight";
				LD_RUNPATH_SEARCH_PATHS = (
					"$(inherited)",
					"@executable_path/Frameworks",
				);
				MARKETING_VERSION = 1.0;
				PRODUCT_BUNDLE_IDENTIFIER = "com.mkondo.SwiftUI-LandmarksApp";
				PRODUCT_NAME = "$(TARGET_NAME)";
				SWIFT_EMIT_LOC_STRINGS = YES;
				SWIFT_VERSION = 5.0;
				TARGETED_DEVICE_FAMILY = "1,2";
			};
			name = Debug;
		};
		952A4397292083D40007F6DA /* Release */ = {
			isa = XCBuildConfiguration;
			buildSettings = {
				ASSETCATALOG_COMPILER_APPICON_NAME = AppIcon;
				ASSETCATALOG_COMPILER_GLOBAL_ACCENT_COLOR_NAME = AccentColor;
				CODE_SIGN_STYLE = Automatic;
				CURRENT_PROJECT_VERSION = 1;
				DEVELOPMENT_ASSET_PATHS = "\"SwiftUI-LandmarksApp/Preview Content\"";
				DEVELOPMENT_TEAM = 7X9S244452;
				ENABLE_PREVIEWS = YES;
				GENERATE_INFOPLIST_FILE = YES;
				INFOPLIST_KEY_UIApplicationSceneManifest_Generation = YES;
				INFOPLIST_KEY_UIApplicationSupportsIndirectInputEvents = YES;
				INFOPLIST_KEY_UILaunchScreen_Generation = YES;
				INFOPLIST_KEY_UISupportedInterfaceOrientations_iPad = "UIInterfaceOrientationPortrait UIInterfaceOrientationPortraitUpsideDown UIInterfaceOrientationLandscapeLeft UIInterfaceOrientationLandscapeRight";
				INFOPLIST_KEY_UISupportedInterfaceOrientations_iPhone = "UIInterfaceOrientationPortrait UIInterfaceOrientationLandscapeLeft UIInterfaceOrientationLandscapeRight";
				LD_RUNPATH_SEARCH_PATHS = (
					"$(inherited)",
					"@executable_path/Frameworks",
				);
				MARKETING_VERSION = 1.0;
				PRODUCT_BUNDLE_IDENTIFIER = "com.mkondo.SwiftUI-LandmarksApp";
				PRODUCT_NAME = "$(TARGET_NAME)";
				SWIFT_EMIT_LOC_STRINGS = YES;
				SWIFT_VERSION = 5.0;
				TARGETED_DEVICE_FAMILY = "1,2";
			};
			name = Release;
		};
		952A4399292083D40007F6DA /* Debug */ = {
			isa = XCBuildConfiguration;
			buildSettings = {
				ALWAYS_EMBED_SWIFT_STANDARD_LIBRARIES = YES;
				BUNDLE_LOADER = "$(TEST_HOST)";
				CODE_SIGN_STYLE = Automatic;
				CURRENT_PROJECT_VERSION = 1;
				DEVELOPMENT_TEAM = 7X9S244452;
				GENERATE_INFOPLIST_FILE = YES;
				IPHONEOS_DEPLOYMENT_TARGET = 16.1;
				MARKETING_VERSION = 1.0;
				PRODUCT_BUNDLE_IDENTIFIER = "com.mkondo.SwiftUI-LandmarksAppTests";
				PRODUCT_NAME = "$(TARGET_NAME)";
				SWIFT_EMIT_LOC_STRINGS = NO;
				SWIFT_VERSION = 5.0;
				TARGETED_DEVICE_FAMILY = "1,2";
				TEST_HOST = "$(BUILT_PRODUCTS_DIR)/SwiftUI-LandmarksApp.app/$(BUNDLE_EXECUTABLE_FOLDER_PATH)/SwiftUI-LandmarksApp";
			};
			name = Debug;
		};
		952A439A292083D40007F6DA /* Release */ = {
			isa = XCBuildConfiguration;
			buildSettings = {
				ALWAYS_EMBED_SWIFT_STANDARD_LIBRARIES = YES;
				BUNDLE_LOADER = "$(TEST_HOST)";
				CODE_SIGN_STYLE = Automatic;
				CURRENT_PROJECT_VERSION = 1;
				DEVELOPMENT_TEAM = 7X9S244452;
				GENERATE_INFOPLIST_FILE = YES;
				IPHONEOS_DEPLOYMENT_TARGET = 16.1;
				MARKETING_VERSION = 1.0;
				PRODUCT_BUNDLE_IDENTIFIER = "com.mkondo.SwiftUI-LandmarksAppTests";
				PRODUCT_NAME = "$(TARGET_NAME)";
				SWIFT_EMIT_LOC_STRINGS = NO;
				SWIFT_VERSION = 5.0;
				TARGETED_DEVICE_FAMILY = "1,2";
				TEST_HOST = "$(BUILT_PRODUCTS_DIR)/SwiftUI-LandmarksApp.app/$(BUNDLE_EXECUTABLE_FOLDER_PATH)/SwiftUI-LandmarksApp";
			};
			name = Release;
		};
		952A439C292083D40007F6DA /* Debug */ = {
			isa = XCBuildConfiguration;
			buildSettings = {
				ALWAYS_EMBED_SWIFT_STANDARD_LIBRARIES = YES;
				CODE_SIGN_STYLE = Automatic;
				CURRENT_PROJECT_VERSION = 1;
				DEVELOPMENT_TEAM = 7X9S244452;
				GENERATE_INFOPLIST_FILE = YES;
				MARKETING_VERSION = 1.0;
				PRODUCT_BUNDLE_IDENTIFIER = "com.mkondo.SwiftUI-LandmarksAppUITests";
				PRODUCT_NAME = "$(TARGET_NAME)";
				SWIFT_EMIT_LOC_STRINGS = NO;
				SWIFT_VERSION = 5.0;
				TARGETED_DEVICE_FAMILY = "1,2";
				TEST_TARGET_NAME = "SwiftUI-LandmarksApp";
			};
			name = Debug;
		};
		952A439D292083D40007F6DA /* Release */ = {
			isa = XCBuildConfiguration;
			buildSettings = {
				ALWAYS_EMBED_SWIFT_STANDARD_LIBRARIES = YES;
				CODE_SIGN_STYLE = Automatic;
				CURRENT_PROJECT_VERSION = 1;
				DEVELOPMENT_TEAM = 7X9S244452;
				GENERATE_INFOPLIST_FILE = YES;
				MARKETING_VERSION = 1.0;
				PRODUCT_BUNDLE_IDENTIFIER = "com.mkondo.SwiftUI-LandmarksAppUITests";
				PRODUCT_NAME = "$(TARGET_NAME)";
				SWIFT_EMIT_LOC_STRINGS = NO;
				SWIFT_VERSION = 5.0;
				TARGETED_DEVICE_FAMILY = "1,2";
				TEST_TARGET_NAME = "SwiftUI-LandmarksApp";
			};
			name = Release;
		};
/* End XCBuildConfiguration section */

/* Begin XCConfigurationList section */
		952A436C292083D20007F6DA /* Build configuration list for PBXProject "SwiftUI-LandmarksApp" */ = {
			isa = XCConfigurationList;
			buildConfigurations = (
				952A4393292083D40007F6DA /* Debug */,
				952A4394292083D40007F6DA /* Release */,
			);
			defaultConfigurationIsVisible = 0;
			defaultConfigurationName = Release;
		};
		952A4395292083D40007F6DA /* Build configuration list for PBXNativeTarget "SwiftUI-LandmarksApp" */ = {
			isa = XCConfigurationList;
			buildConfigurations = (
				952A4396292083D40007F6DA /* Debug */,
				952A4397292083D40007F6DA /* Release */,
			);
			defaultConfigurationIsVisible = 0;
			defaultConfigurationName = Release;
		};
		952A4398292083D40007F6DA /* Build configuration list for PBXNativeTarget "SwiftUI-LandmarksAppTests" */ = {
			isa = XCConfigurationList;
			buildConfigurations = (
				952A4399292083D40007F6DA /* Debug */,
				952A439A292083D40007F6DA /* Release */,
			);
			defaultConfigurationIsVisible = 0;
			defaultConfigurationName = Release;
		};
		952A439B292083D40007F6DA /* Build configuration list for PBXNativeTarget "SwiftUI-LandmarksAppUITests" */ = {
			isa = XCConfigurationList;
			buildConfigurations = (
				952A439C292083D40007F6DA /* Debug */,
				952A439D292083D40007F6DA /* Release */,
			);
			defaultConfigurationIsVisible = 0;
			defaultConfigurationName = Release;
		};
/* End XCConfigurationList section */
	};
	rootObject = 952A4369292083D20007F6DA /* Project object */;
}
